
Microsoft Visual Studio Solution File, Format Version 12.00
# Visual Studio Version 17
VisualStudioVersion = 17.5.33627.172
MinimumVisualStudioVersion = 10.0.40219.1
Project("{9A19103F-16F7-4668-BE54-9A1E7A4F7556}") = "MyAspNetCoreApp.Web", "MyAspNetCoreApp.Web\MyAspNetCoreApp.Web.csproj", "{75432A8F-1917-4906-BEEB-DAED765D4CBF}"
EndProject
Project("{FAE04EC0-301F-11D3-BF4B-00C04F79EFBC}") = "MiddlewareExample.Web", "MiddlewareExample.Web\MiddlewareExample.Web.csproj", "{817842CB-5B89-413A-A09F-CFA179E86C25}"
EndProject
Global
	GlobalSection(SolutionConfigurationPlatforms) = preSolution
		Debug|Any CPU = Debug|Any CPU
		Release|Any CPU = Release|Any CPU
	EndGlobalSection
	GlobalSection(ProjectConfigurationPlatforms) = postSolution
		{75432A8F-1917-4906-BEEB-DAED765D4CBF}.Debug|Any CPU.ActiveCfg = Debug|Any CPU
		{75432A8F-1917-4906-BEEB-DAED765D4CBF}.Debug|Any CPU.Build.0 = Debug|Any CPU
		{75432A8F-1917-4906-BEEB-DAED765D4CBF}.Release|Any CPU.ActiveCfg = Release|Any CPU
		{75432A8F-1917-4906-BEEB-DAED765D4CBF}.Release|Any CPU.Build.0 = Release|Any CPU
		{817842CB-5B89-413A-A09F-CFA179E86C25}.Debug|Any CPU.ActiveCfg = Debug|Any CPU
		{817842CB-5B89-413A-A09F-CFA179E86C25}.Debug|Any CPU.Build.0 = Debug|Any CPU
		{817842CB-5B89-413A-A09F-CFA179E86C25}.Release|Any CPU.ActiveCfg = Release|Any CPU
		{817842CB-5B89-413A-A09F-CFA179E86C25}.Release|Any CPU.Build.0 = Release|Any CPU
	EndGlobalSection
	GlobalSection(SolutionProperties) = preSolution
		HideSolutionNode = FALSE
	EndGlobalSection
	GlobalSection(ExtensibilityGlobals) = postSolution
		SolutionGuid = {B6FED1FC-13DA-4BA2-8C0A-AD6B4DA0925D}
	EndGlobalSection
EndGlobal
